{
  "object": {
    "pins": [
      {
        "package": "DeviceKit",
        "repositoryURL": "https://github.com/devicekit/DeviceKit",
        "state": {
          "branch": null,
          "revision": "70f1564e4218f0b68b73a4a795cb31aee5696f08",
          "version": "4.4.0"
        }
      }
    ]
  },
  "version": 1
}
